// !$*UTF8*$!
{
	archiveVersion = 1;
	classes = {
	};
	objectVersion = 56;
	objects = {

/* Begin PBXBuildFile section */
		1A0000010000000000000001 /* OpenHikerApp.swift in Sources */ = {isa = PBXBuildFile; fileRef = 2A0000010000000000000001 /* OpenHikerApp.swift */; };
		1A0000010000000000000002 /* ContentView.swift in Sources */ = {isa = PBXBuildFile; fileRef = 2A0000010000000000000002 /* ContentView.swift */; };
		1A0000010000000000000003 /* Assets.xcassets in Resources */ = {isa = PBXBuildFile; fileRef = 2A0000010000000000000003 /* Assets.xcassets */; };
		1A0000010000000000000004 /* RegionSelectorView.swift in Sources */ = {isa = PBXBuildFile; fileRef = 2A0000010000000000000004 /* RegionSelectorView.swift */; };
		1A0000010000000000000005 /* TileDownloader.swift in Sources */ = {isa = PBXBuildFile; fileRef = 2A0000010000000000000005 /* TileDownloader.swift */; };
		1A0000010000000000000006 /* WatchTransferManager.swift in Sources */ = {isa = PBXBuildFile; fileRef = 2A0000010000000000000006 /* WatchTransferManager.swift */; };
		1A0000010000000000000007 /* RegionStorage.swift in Sources */ = {isa = PBXBuildFile; fileRef = 2A0000010000000000000007 /* RegionStorage.swift */; };
		1A0000010000000000000010 /* TileStore.swift in Sources */ = {isa = PBXBuildFile; fileRef = 2A0000010000000000000010 /* TileStore.swift */; };
		1A0000010000000000000011 /* TileCoordinate.swift in Sources */ = {isa = PBXBuildFile; fileRef = 2A0000010000000000000011 /* TileCoordinate.swift */; };
		1A0000010000000000000012 /* Region.swift in Sources */ = {isa = PBXBuildFile; fileRef = 2A0000010000000000000012 /* Region.swift */; };
		1B0000010000000000000001 /* OpenHikerWatchApp.swift in Sources */ = {isa = PBXBuildFile; fileRef = 2B0000010000000000000001 /* OpenHikerWatchApp.swift */; };
		1B0000010000000000000002 /* WatchContentView.swift in Sources */ = {isa = PBXBuildFile; fileRef = 2B0000010000000000000002 /* WatchContentView.swift */; };
		1B0000010000000000000003 /* WatchAssets.xcassets in Resources */ = {isa = PBXBuildFile; fileRef = 2B0000010000000000000003 /* WatchAssets.xcassets */; };
		1B0000010000000000000004 /* MapRenderer.swift in Sources */ = {isa = PBXBuildFile; fileRef = 2B0000010000000000000004 /* MapRenderer.swift */; };
		1B0000010000000000000005 /* LocationManager.swift in Sources */ = {isa = PBXBuildFile; fileRef = 2B0000010000000000000005 /* LocationManager.swift */; };
		1B0000010000000000000006 /* MapView.swift in Sources */ = {isa = PBXBuildFile; fileRef = 2B0000010000000000000006 /* MapView.swift */; };
		1B0000010000000000000010 /* TileStore.swift in Sources */ = {isa = PBXBuildFile; fileRef = 2A0000010000000000000010 /* TileStore.swift */; };
		1B0000010000000000000011 /* TileCoordinate.swift in Sources */ = {isa = PBXBuildFile; fileRef = 2A0000010000000000000011 /* TileCoordinate.swift */; };
		1B0000010000000000000012 /* Region.swift in Sources */ = {isa = PBXBuildFile; fileRef = 2A0000010000000000000012 /* Region.swift */; };
		1A0000010000000000000013 /* HikeStatistics.swift in Sources */ = {isa = PBXBuildFile; fileRef = 2A0000010000000000000013 /* HikeStatistics.swift */; };
		1A0000010000000000000020 /* OpenHiker Watch App.app in Embed Watch Content */ = {isa = PBXBuildFile; fileRef = 3B0000010000000000000001 /* OpenHiker Watch App.app */; settings = {ATTRIBUTES = (RemoveHeadersOnCopy, ); }; };
		1B0000010000000000000007 /* HikeStatsOverlay.swift in Sources */ = {isa = PBXBuildFile; fileRef = 2B0000010000000000000007 /* HikeStatsOverlay.swift */; };
		1B0000010000000000000008 /* HealthKitManager.swift in Sources */ = {isa = PBXBuildFile; fileRef = 2B0000010000000000000008 /* HealthKitManager.swift */; };
		1B0000010000000000000009 /* HealthKit.framework in Frameworks */ = {isa = PBXBuildFile; fileRef = F10000010000000000000001 /* HealthKit.framework */; };
		1B0000010000000000000013 /* HikeStatistics.swift in Sources */ = {isa = PBXBuildFile; fileRef = 2A0000010000000000000013 /* HikeStatistics.swift */; };
		1A0000010000000000000014 /* Waypoint.swift in Sources */ = {isa = PBXBuildFile; fileRef = 2A0000010000000000000014 /* Waypoint.swift */; };
		1B0000010000000000000014 /* Waypoint.swift in Sources */ = {isa = PBXBuildFile; fileRef = 2A0000010000000000000014 /* Waypoint.swift */; };
		1A0000010000000000000015 /* WaypointStore.swift in Sources */ = {isa = PBXBuildFile; fileRef = 2A0000010000000000000015 /* WaypointStore.swift */; };
		1B0000010000000000000015 /* WaypointStore.swift in Sources */ = {isa = PBXBuildFile; fileRef = 2A0000010000000000000015 /* WaypointStore.swift */; };
		1A0000010000000000000008 /* AddWaypointView.swift in Sources */ = {isa = PBXBuildFile; fileRef = 2A0000010000000000000008 /* AddWaypointView.swift */; };
		1A0000010000000000000009 /* WaypointDetailView.swift in Sources */ = {isa = PBXBuildFile; fileRef = 2A0000010000000000000009 /* WaypointDetailView.swift */; };
		1B0000010000000000000016 /* AddWaypointSheet.swift in Sources */ = {isa = PBXBuildFile; fileRef = 2B0000010000000000000010 /* AddWaypointSheet.swift */; };
		1A0000010000000000000018 /* SavedRoute.swift in Sources */ = {isa = PBXBuildFile; fileRef = 2A0000010000000000000018 /* SavedRoute.swift */; };
		1B0000010000000000000018 /* SavedRoute.swift in Sources */ = {isa = PBXBuildFile; fileRef = 2A0000010000000000000018 /* SavedRoute.swift */; };
		1A0000010000000000000019 /* RouteStore.swift in Sources */ = {isa = PBXBuildFile; fileRef = 2A0000010000000000000019 /* RouteStore.swift */; };
		1B0000010000000000000019 /* RouteStore.swift in Sources */ = {isa = PBXBuildFile; fileRef = 2A0000010000000000000019 /* RouteStore.swift */; };
		1A0000010000000000000021 /* TrackCompression.swift in Sources */ = {isa = PBXBuildFile; fileRef = 2A0000010000000000000020 /* TrackCompression.swift */; };
		1B0000010000000000000021 /* TrackCompression.swift in Sources */ = {isa = PBXBuildFile; fileRef = 2A0000010000000000000020 /* TrackCompression.swift */; };
		1B0000010000000000000017 /* SaveHikeSheet.swift in Sources */ = {isa = PBXBuildFile; fileRef = 2B0000010000000000000011 /* SaveHikeSheet.swift */; };
		1A0000010000000000000022 /* HikesListView.swift in Sources */ = {isa = PBXBuildFile; fileRef = 2A0000010000000000000021 /* HikesListView.swift */; };
		1A0000010000000000000023 /* HikeDetailView.swift in Sources */ = {isa = PBXBuildFile; fileRef = 2A0000010000000000000022 /* HikeDetailView.swift */; };
		1A0000010000000000000024 /* ElevationProfileView.swift in Sources */ = {isa = PBXBuildFile; fileRef = 2A0000010000000000000023 /* ElevationProfileView.swift */; };
		1A0000010000000000000030 /* RoutingGraph.swift in Sources */ = {isa = PBXBuildFile; fileRef = 2A0000010000000000000030 /* RoutingGraph.swift */; };
		1B0000010000000000000030 /* RoutingGraph.swift in Sources */ = {isa = PBXBuildFile; fileRef = 2A0000010000000000000030 /* RoutingGraph.swift */; };
		1A0000010000000000000031 /* RoutingStore.swift in Sources */ = {isa = PBXBuildFile; fileRef = 2A0000010000000000000031 /* RoutingStore.swift */; };
		1B0000010000000000000031 /* RoutingStore.swift in Sources */ = {isa = PBXBuildFile; fileRef = 2A0000010000000000000031 /* RoutingStore.swift */; };
		1A0000010000000000000032 /* RoutingEngine.swift in Sources */ = {isa = PBXBuildFile; fileRef = 2A0000010000000000000032 /* RoutingEngine.swift */; };
		1B0000010000000000000032 /* RoutingEngine.swift in Sources */ = {isa = PBXBuildFile; fileRef = 2A0000010000000000000032 /* RoutingEngine.swift */; };
		1A0000010000000000000033 /* ProtobufReader.swift in Sources */ = {isa = PBXBuildFile; fileRef = 2A0000010000000000000033 /* ProtobufReader.swift */; };
		1A0000010000000000000034 /* PBFParser.swift in Sources */ = {isa = PBXBuildFile; fileRef = 2A0000010000000000000034 /* PBFParser.swift */; };
		1A0000010000000000000035 /* ElevationDataManager.swift in Sources */ = {isa = PBXBuildFile; fileRef = 2A0000010000000000000035 /* ElevationDataManager.swift */; };
		1A0000010000000000000036 /* RoutingGraphBuilder.swift in Sources */ = {isa = PBXBuildFile; fileRef = 2A0000010000000000000036 /* RoutingGraphBuilder.swift */; };
		1A0000010000000000000037 /* OSMDataDownloader.swift in Sources */ = {isa = PBXBuildFile; fileRef = 2A0000010000000000000037 /* OSMDataDownloader.swift */; };
		1A0000010000000000000038 /* TurnInstruction.swift in Sources */ = {isa = PBXBuildFile; fileRef = 2A0000010000000000000038 /* TurnInstruction.swift */; };
		1B0000010000000000000038 /* TurnInstruction.swift in Sources */ = {isa = PBXBuildFile; fileRef = 2A0000010000000000000038 /* TurnInstruction.swift */; };
		1A0000010000000000000039 /* PlannedRoute.swift in Sources */ = {isa = PBXBuildFile; fileRef = 2A0000010000000000000039 /* PlannedRoute.swift */; };
		1B0000010000000000000039 /* PlannedRoute.swift in Sources */ = {isa = PBXBuildFile; fileRef = 2A0000010000000000000039 /* PlannedRoute.swift */; };
		1A000001000000000000003A /* RoutePlanningView.swift in Sources */ = {isa = PBXBuildFile; fileRef = 2A000001000000000000003A /* RoutePlanningView.swift */; };
		1A000001000000000000003B /* RouteDetailView.swift in Sources */ = {isa = PBXBuildFile; fileRef = 2A000001000000000000003B /* RouteDetailView.swift */; };
		1A000001000000000000003C /* RouteUploadView.swift in Sources */ = {isa = PBXBuildFile; fileRef = 2A000001000000000000003C /* RouteUploadView.swift */; };
		1B0000010000000000000033 /* RouteGuidance.swift in Sources */ = {isa = PBXBuildFile; fileRef = 2B0000010000000000000012 /* RouteGuidance.swift */; };
		1B0000010000000000000034 /* NavigationOverlay.swift in Sources */ = {isa = PBXBuildFile; fileRef = 2B0000010000000000000013 /* NavigationOverlay.swift */; };
		1A000001000000000000003D /* CommunityBrowseView.swift in Sources */ = {isa = PBXBuildFile; fileRef = 2A000001000000000000003D /* CommunityBrowseView.swift */; };
		1A000001000000000000003E /* CommunityRouteDetailView.swift in Sources */ = {isa = PBXBuildFile; fileRef = 2A000001000000000000003E /* CommunityRouteDetailView.swift */; };
		1A0000010000000000000040 /* ActivityType.swift in Sources */ = {isa = PBXBuildFile; fileRef = 2A0000010000000000000040 /* ActivityType.swift */; };
		1A0000010000000000000041 /* SharedRoute.swift in Sources */ = {isa = PBXBuildFile; fileRef = 2A0000010000000000000041 /* SharedRoute.swift */; };
		1A0000010000000000000042 /* GitHubRouteService.swift in Sources */ = {isa = PBXBuildFile; fileRef = 2A0000010000000000000042 /* GitHubRouteService.swift */; };
		1A0000010000000000000043 /* PhotoCompressor.swift in Sources */ = {isa = PBXBuildFile; fileRef = 2A0000010000000000000043 /* PhotoCompressor.swift */; };
		1A0000010000000000000044 /* RouteExporter.swift in Sources */ = {isa = PBXBuildFile; fileRef = 2A0000010000000000000044 /* RouteExporter.swift */; };
		1B0000010000000000000040 /* ActivityType.swift in Sources */ = {isa = PBXBuildFile; fileRef = 2A0000010000000000000040 /* ActivityType.swift */; };
		1B0000010000000000000041 /* SharedRoute.swift in Sources */ = {isa = PBXBuildFile; fileRef = 2A0000010000000000000041 /* SharedRoute.swift */; };
		1B0000010000000000000042 /* GitHubRouteService.swift in Sources */ = {isa = PBXBuildFile; fileRef = 2A0000010000000000000042 /* GitHubRouteService.swift */; };
		1B0000010000000000000043 /* PhotoCompressor.swift in Sources */ = {isa = PBXBuildFile; fileRef = 2A0000010000000000000043 /* PhotoCompressor.swift */; };
		1B0000010000000000000044 /* RouteExporter.swift in Sources */ = {isa = PBXBuildFile; fileRef = 2A0000010000000000000044 /* RouteExporter.swift */; };
		1A0000010000000000000045 /* HikeSummaryExporter.swift in Sources */ = {isa = PBXBuildFile; fileRef = 2A0000010000000000000045 /* HikeSummaryExporter.swift */; };
		1A0000010000000000000046 /* CloudKitStore.swift in Sources */ = {isa = PBXBuildFile; fileRef = 2A0000010000000000000046 /* CloudKitStore.swift */; };
		1A0000010000000000000047 /* CloudSyncManager.swift in Sources */ = {isa = PBXBuildFile; fileRef = 2A0000010000000000000047 /* CloudSyncManager.swift */; };
		1A0000010000000000000048 /* PDFExporter.swift in Sources */ = {isa = PBXBuildFile; fileRef = 2A0000010000000000000048 /* PDFExporter.swift */; };
		1A0000010000000000000049 /* ExportSheet.swift in Sources */ = {isa = PBXBuildFile; fileRef = 2A0000010000000000000049 /* ExportSheet.swift */; };
		1A000001000000000000004A /* SidebarView.swift in Sources */ = {isa = PBXBuildFile; fileRef = 2A000001000000000000004A /* SidebarView.swift */; };
		1A000001000000000000004B /* WaypointsListView.swift in Sources */ = {isa = PBXBuildFile; fileRef = 2A000001000000000000004B /* WaypointsListView.swift */; };
		1A000001000000000000004C /* TrailMapView.swift in Sources */ = {isa = PBXBuildFile; fileRef = 2A000001000000000000004D /* TrailMapView.swift */; };
		1A000001000000000000004E /* RoutePlanningMapView.swift in Sources */ = {isa = PBXBuildFile; fileRef = 2A000001000000000000004E /* RoutePlanningMapView.swift */; };
		1B0000010000000000000045 /* HikeSummaryExporter.swift in Sources */ = {isa = PBXBuildFile; fileRef = 2A0000010000000000000045 /* HikeSummaryExporter.swift */; };
		1B0000010000000000000046 /* CloudKitStore.swift in Sources */ = {isa = PBXBuildFile; fileRef = 2A0000010000000000000046 /* CloudKitStore.swift */; };
		1B0000010000000000000047 /* CloudSyncManager.swift in Sources */ = {isa = PBXBuildFile; fileRef = 2A0000010000000000000047 /* CloudSyncManager.swift */; };
		1C0000010000000000000001 /* OpenHikerMacApp.swift in Sources */ = {isa = PBXBuildFile; fileRef = 2C0000010000000000000001 /* OpenHikerMacApp.swift */; };
		1C0000010000000000000002 /* MacContentView.swift in Sources */ = {isa = PBXBuildFile; fileRef = 2C0000010000000000000002 /* MacContentView.swift */; };
		1C0000010000000000000003 /* OpenHikerCommands.swift in Sources */ = {isa = PBXBuildFile; fileRef = 2C0000010000000000000003 /* OpenHikerCommands.swift */; };
		1C0000010000000000000004 /* MacHikesView.swift in Sources */ = {isa = PBXBuildFile; fileRef = 2C0000010000000000000004 /* MacHikesView.swift */; };
		1C0000010000000000000005 /* MacHikeDetailView.swift in Sources */ = {isa = PBXBuildFile; fileRef = 2C0000010000000000000005 /* MacHikeDetailView.swift */; };
		1C0000010000000000000006 /* MacWaypointsView.swift in Sources */ = {isa = PBXBuildFile; fileRef = 2C0000010000000000000006 /* MacWaypointsView.swift */; };
		1C0000010000000000000007 /* MacPlannedRoutesView.swift in Sources */ = {isa = PBXBuildFile; fileRef = 2C0000010000000000000007 /* MacPlannedRoutesView.swift */; };
		1C0000010000000000000008 /* MacCommunityView.swift in Sources */ = {isa = PBXBuildFile; fileRef = 2C0000010000000000000008 /* MacCommunityView.swift */; };
		1C0000010000000000000009 /* MacSettingsView.swift in Sources */ = {isa = PBXBuildFile; fileRef = 2C0000010000000000000009 /* MacSettingsView.swift */; };
		1C000001000000000000000A /* MacPDFExporter.swift in Sources */ = {isa = PBXBuildFile; fileRef = 2C000001000000000000000A /* MacPDFExporter.swift */; };
		1C000001000000000000000B /* HikeSummaryExporter.swift in Sources */ = {isa = PBXBuildFile; fileRef = 2A0000010000000000000045 /* HikeSummaryExporter.swift */; };
		1C000001000000000000000C /* CloudKitStore.swift in Sources */ = {isa = PBXBuildFile; fileRef = 2A0000010000000000000046 /* CloudKitStore.swift */; };
		1C000001000000000000000D /* CloudSyncManager.swift in Sources */ = {isa = PBXBuildFile; fileRef = 2A0000010000000000000047 /* CloudSyncManager.swift */; };
		1C000001000000000000000E /* TileStore.swift in Sources */ = {isa = PBXBuildFile; fileRef = 2A0000010000000000000010 /* TileStore.swift */; };
		1C000001000000000000000F /* TileCoordinate.swift in Sources */ = {isa = PBXBuildFile; fileRef = 2A0000010000000000000011 /* TileCoordinate.swift */; };
		1C0000010000000000000010 /* Region.swift in Sources */ = {isa = PBXBuildFile; fileRef = 2A0000010000000000000012 /* Region.swift */; };
		1C0000010000000000000011 /* HikeStatistics.swift in Sources */ = {isa = PBXBuildFile; fileRef = 2A0000010000000000000013 /* HikeStatistics.swift */; };
		1C0000010000000000000012 /* Waypoint.swift in Sources */ = {isa = PBXBuildFile; fileRef = 2A0000010000000000000014 /* Waypoint.swift */; };
		1C0000010000000000000013 /* WaypointStore.swift in Sources */ = {isa = PBXBuildFile; fileRef = 2A0000010000000000000015 /* WaypointStore.swift */; };
		1C0000010000000000000014 /* SavedRoute.swift in Sources */ = {isa = PBXBuildFile; fileRef = 2A0000010000000000000018 /* SavedRoute.swift */; };
		1C0000010000000000000015 /* RouteStore.swift in Sources */ = {isa = PBXBuildFile; fileRef = 2A0000010000000000000019 /* RouteStore.swift */; };
		1C0000010000000000000016 /* TrackCompression.swift in Sources */ = {isa = PBXBuildFile; fileRef = 2A0000010000000000000020 /* TrackCompression.swift */; };
		1C0000010000000000000017 /* RoutingGraph.swift in Sources */ = {isa = PBXBuildFile; fileRef = 2A0000010000000000000030 /* RoutingGraph.swift */; };
		1C0000010000000000000018 /* RoutingStore.swift in Sources */ = {isa = PBXBuildFile; fileRef = 2A0000010000000000000031 /* RoutingStore.swift */; };
		1C0000010000000000000019 /* RoutingEngine.swift in Sources */ = {isa = PBXBuildFile; fileRef = 2A0000010000000000000032 /* RoutingEngine.swift */; };
		1C000001000000000000001A /* TurnInstruction.swift in Sources */ = {isa = PBXBuildFile; fileRef = 2A0000010000000000000038 /* TurnInstruction.swift */; };
		1C000001000000000000001B /* PlannedRoute.swift in Sources */ = {isa = PBXBuildFile; fileRef = 2A0000010000000000000039 /* PlannedRoute.swift */; };
		1C000001000000000000001C /* ActivityType.swift in Sources */ = {isa = PBXBuildFile; fileRef = 2A0000010000000000000040 /* ActivityType.swift */; };
		1C000001000000000000001D /* SharedRoute.swift in Sources */ = {isa = PBXBuildFile; fileRef = 2A0000010000000000000041 /* SharedRoute.swift */; };
		1C000001000000000000001E /* GitHubRouteService.swift in Sources */ = {isa = PBXBuildFile; fileRef = 2A0000010000000000000042 /* GitHubRouteService.swift */; };
		1C000001000000000000001F /* PhotoCompressor.swift in Sources */ = {isa = PBXBuildFile; fileRef = 2A0000010000000000000043 /* PhotoCompressor.swift */; };
		1C0000010000000000000020 /* RouteExporter.swift in Sources */ = {isa = PBXBuildFile; fileRef = 2A0000010000000000000044 /* RouteExporter.swift */; };
		1C0000010000000000000021 /* ElevationProfileView.swift in Sources */ = {isa = PBXBuildFile; fileRef = 2A0000010000000000000023 /* ElevationProfileView.swift */; };
		1C0000010000000000000022 /* TileDownloader.swift in Sources */ = {isa = PBXBuildFile; fileRef = 2A0000010000000000000005 /* TileDownloader.swift */; };
		1C0000010000000000000023 /* RegionStorage.swift in Sources */ = {isa = PBXBuildFile; fileRef = 2A0000010000000000000007 /* RegionStorage.swift */; };
		1C0000010000000000000024 /* ProtobufReader.swift in Sources */ = {isa = PBXBuildFile; fileRef = 2A0000010000000000000033 /* ProtobufReader.swift */; };
		1C0000010000000000000025 /* PBFParser.swift in Sources */ = {isa = PBXBuildFile; fileRef = 2A0000010000000000000034 /* PBFParser.swift */; };
		1C0000010000000000000026 /* ElevationDataManager.swift in Sources */ = {isa = PBXBuildFile; fileRef = 2A0000010000000000000035 /* ElevationDataManager.swift */; };
		1C0000010000000000000027 /* RoutingGraphBuilder.swift in Sources */ = {isa = PBXBuildFile; fileRef = 2A0000010000000000000036 /* RoutingGraphBuilder.swift */; };
		1C0000010000000000000028 /* OSMDataDownloader.swift in Sources */ = {isa = PBXBuildFile; fileRef = 2A0000010000000000000037 /* OSMDataDownloader.swift */; };
		1C0000010000000000000029 /* MacRegionSelectorView.swift in Sources */ = {isa = PBXBuildFile; fileRef = 2C000001000000000000000C /* MacRegionSelectorView.swift */; };
		1C000001000000000000002A /* MacRegionsListView.swift in Sources */ = {isa = PBXBuildFile; fileRef = 2C000001000000000000000D /* MacRegionsListView.swift */; };
		1C000001000000000000002B /* MacRoutePlanningView.swift in Sources */ = {isa = PBXBuildFile; fileRef = 2C000001000000000000000E /* MacRoutePlanningView.swift */; };
		1C000001000000000000002C /* GPXImportHandler.swift in Sources */ = {isa = PBXBuildFile; fileRef = 2C000001000000000000000F /* GPXImportHandler.swift */; };
		1C000001000000000000002D /* MacAddWaypointView.swift in Sources */ = {isa = PBXBuildFile; fileRef = 2C0000010000000000000010 /* MacAddWaypointView.swift */; };
		1C000001000000000000002E /* MacTrailMapView.swift in Sources */ = {isa = PBXBuildFile; fileRef = 2C0000010000000000000011 /* MacTrailMapView.swift */; };
		1C000001000000000000002F /* MacAssets.xcassets in Resources */ = {isa = PBXBuildFile; fileRef = 2C0000010000000000000012 /* MacAssets.xcassets */; };
		1B0000010000000000000048 /* UVIndexManager.swift in Sources */ = {isa = PBXBuildFile; fileRef = 2B0000010000000000000014 /* UVIndexManager.swift */; };
		1B0000010000000000000049 /* UVIndexOverlay.swift in Sources */ = {isa = PBXBuildFile; fileRef = 2B0000010000000000000015 /* UVIndexOverlay.swift */; };
		1B0000010000000000000050 /* HikeStatsDashboardView.swift in Sources */ = {isa = PBXBuildFile; fileRef = 2B0000010000000000000016 /* HikeStatsDashboardView.swift */; };
		1B000001000000000000004A /* WeatherKit.framework in Frameworks */ = {isa = PBXBuildFile; fileRef = F10000010000000000000002 /* WeatherKit.framework */; };
/* End PBXBuildFile section */

/* Begin PBXContainerItemProxy section */
		CA0000010000000000000001 /* PBXContainerItemProxy */ = {
			isa = PBXContainerItemProxy;
			containerPortal = 8A0000010000000000000001 /* Project object */;
			proxyType = 1;
			remoteGlobalIDString = 6B0000010000000000000001;
			remoteInfo = "OpenHiker Watch App";
		};
/* End PBXContainerItemProxy section */

/* Begin PBXCopyFilesBuildPhase section */
		DA0000010000000000000001 /* Embed Watch Content */ = {
			isa = PBXCopyFilesBuildPhase;
			buildActionMask = 2147483647;
			dstPath = "$(CONTENTS_FOLDER_PATH)/Watch";
			dstSubfolderSpec = 16;
			files = (
				1A0000010000000000000020 /* OpenHiker Watch App.app in Embed Watch Content */,
			);
			name = "Embed Watch Content";
			runOnlyForDeploymentPostprocessing = 0;
		};
/* End PBXCopyFilesBuildPhase section */

/* Begin PBXFileReference section */
		2A0000010000000000000001 /* OpenHikerApp.swift */ = {isa = PBXFileReference; lastKnownFileType = sourcecode.swift; path = OpenHikerApp.swift; sourceTree = "<group>"; };
		2A0000010000000000000002 /* ContentView.swift */ = {isa = PBXFileReference; lastKnownFileType = sourcecode.swift; path = ContentView.swift; sourceTree = "<group>"; };
		2A0000010000000000000003 /* Assets.xcassets */ = {isa = PBXFileReference; lastKnownFileType = folder.assetcatalog; path = Assets.xcassets; sourceTree = "<group>"; };
		2A0000010000000000000004 /* RegionSelectorView.swift */ = {isa = PBXFileReference; lastKnownFileType = sourcecode.swift; path = RegionSelectorView.swift; sourceTree = "<group>"; };
		2A0000010000000000000005 /* TileDownloader.swift */ = {isa = PBXFileReference; lastKnownFileType = sourcecode.swift; path = TileDownloader.swift; sourceTree = "<group>"; };
		2A0000010000000000000006 /* WatchTransferManager.swift */ = {isa = PBXFileReference; lastKnownFileType = sourcecode.swift; path = WatchTransferManager.swift; sourceTree = "<group>"; };
		2A0000010000000000000007 /* RegionStorage.swift */ = {isa = PBXFileReference; lastKnownFileType = sourcecode.swift; path = RegionStorage.swift; sourceTree = "<group>"; };
		2A0000010000000000000010 /* TileStore.swift */ = {isa = PBXFileReference; lastKnownFileType = sourcecode.swift; path = TileStore.swift; sourceTree = "<group>"; };
		2A0000010000000000000011 /* TileCoordinate.swift */ = {isa = PBXFileReference; lastKnownFileType = sourcecode.swift; path = TileCoordinate.swift; sourceTree = "<group>"; };
		2A0000010000000000000012 /* Region.swift */ = {isa = PBXFileReference; lastKnownFileType = sourcecode.swift; path = Region.swift; sourceTree = "<group>"; };
		2A0000010000000000000013 /* HikeStatistics.swift */ = {isa = PBXFileReference; lastKnownFileType = sourcecode.swift; path = HikeStatistics.swift; sourceTree = "<group>"; };
		2B0000010000000000000001 /* OpenHikerWatchApp.swift */ = {isa = PBXFileReference; lastKnownFileType = sourcecode.swift; path = OpenHikerWatchApp.swift; sourceTree = "<group>"; };
		2B0000010000000000000002 /* WatchContentView.swift */ = {isa = PBXFileReference; lastKnownFileType = sourcecode.swift; path = WatchContentView.swift; sourceTree = "<group>"; };
		2B0000010000000000000003 /* WatchAssets.xcassets */ = {isa = PBXFileReference; lastKnownFileType = folder.assetcatalog; path = WatchAssets.xcassets; sourceTree = "<group>"; };
		2B0000010000000000000004 /* MapRenderer.swift */ = {isa = PBXFileReference; lastKnownFileType = sourcecode.swift; path = MapRenderer.swift; sourceTree = "<group>"; };
		2B0000010000000000000005 /* LocationManager.swift */ = {isa = PBXFileReference; lastKnownFileType = sourcecode.swift; path = LocationManager.swift; sourceTree = "<group>"; };
		2B0000010000000000000006 /* MapView.swift */ = {isa = PBXFileReference; lastKnownFileType = sourcecode.swift; path = MapView.swift; sourceTree = "<group>"; };
		2B0000010000000000000007 /* HikeStatsOverlay.swift */ = {isa = PBXFileReference; lastKnownFileType = sourcecode.swift; path = HikeStatsOverlay.swift; sourceTree = "<group>"; };
		2B0000010000000000000008 /* HealthKitManager.swift */ = {isa = PBXFileReference; lastKnownFileType = sourcecode.swift; path = HealthKitManager.swift; sourceTree = "<group>"; };
		2B0000010000000000000009 /* OpenHiker watchOS.entitlements */ = {isa = PBXFileReference; lastKnownFileType = text.plist.entitlements; path = "OpenHiker watchOS.entitlements"; sourceTree = "<group>"; };
		3A0000010000000000000001 /* OpenHiker.app */ = {isa = PBXFileReference; explicitFileType = wrapper.application; includeInIndex = 0; path = OpenHiker.app; sourceTree = BUILT_PRODUCTS_DIR; };
		3B0000010000000000000001 /* OpenHiker Watch App.app */ = {isa = PBXFileReference; explicitFileType = wrapper.application; includeInIndex = 0; path = "OpenHiker Watch App.app"; sourceTree = BUILT_PRODUCTS_DIR; };
		F10000010000000000000001 /* HealthKit.framework */ = {isa = PBXFileReference; lastKnownFileType = wrapper.framework; name = HealthKit.framework; path = System/Library/Frameworks/HealthKit.framework; sourceTree = SDKROOT; };
		2A0000010000000000000014 /* Waypoint.swift */ = {isa = PBXFileReference; lastKnownFileType = sourcecode.swift; path = Waypoint.swift; sourceTree = "<group>"; };
		2A0000010000000000000015 /* WaypointStore.swift */ = {isa = PBXFileReference; lastKnownFileType = sourcecode.swift; path = WaypointStore.swift; sourceTree = "<group>"; };
		2A0000010000000000000008 /* AddWaypointView.swift */ = {isa = PBXFileReference; lastKnownFileType = sourcecode.swift; path = AddWaypointView.swift; sourceTree = "<group>"; };
		2A0000010000000000000009 /* WaypointDetailView.swift */ = {isa = PBXFileReference; lastKnownFileType = sourcecode.swift; path = WaypointDetailView.swift; sourceTree = "<group>"; };
		2B0000010000000000000010 /* AddWaypointSheet.swift */ = {isa = PBXFileReference; lastKnownFileType = sourcecode.swift; path = AddWaypointSheet.swift; sourceTree = "<group>"; };
		2A0000010000000000000018 /* SavedRoute.swift */ = {isa = PBXFileReference; lastKnownFileType = sourcecode.swift; path = SavedRoute.swift; sourceTree = "<group>"; };
		2A0000010000000000000019 /* RouteStore.swift */ = {isa = PBXFileReference; lastKnownFileType = sourcecode.swift; path = RouteStore.swift; sourceTree = "<group>"; };
		2A0000010000000000000020 /* TrackCompression.swift */ = {isa = PBXFileReference; lastKnownFileType = sourcecode.swift; path = TrackCompression.swift; sourceTree = "<group>"; };
		2B0000010000000000000011 /* SaveHikeSheet.swift */ = {isa = PBXFileReference; lastKnownFileType = sourcecode.swift; path = SaveHikeSheet.swift; sourceTree = "<group>"; };
		2A0000010000000000000021 /* HikesListView.swift */ = {isa = PBXFileReference; lastKnownFileType = sourcecode.swift; path = HikesListView.swift; sourceTree = "<group>"; };
		2A0000010000000000000022 /* HikeDetailView.swift */ = {isa = PBXFileReference; lastKnownFileType = sourcecode.swift; path = HikeDetailView.swift; sourceTree = "<group>"; };
		2A0000010000000000000023 /* ElevationProfileView.swift */ = {isa = PBXFileReference; lastKnownFileType = sourcecode.swift; path = ElevationProfileView.swift; sourceTree = "<group>"; };
		2A0000010000000000000030 /* RoutingGraph.swift */ = {isa = PBXFileReference; lastKnownFileType = sourcecode.swift; path = RoutingGraph.swift; sourceTree = "<group>"; };
		2A0000010000000000000031 /* RoutingStore.swift */ = {isa = PBXFileReference; lastKnownFileType = sourcecode.swift; path = RoutingStore.swift; sourceTree = "<group>"; };
		2A0000010000000000000032 /* RoutingEngine.swift */ = {isa = PBXFileReference; lastKnownFileType = sourcecode.swift; path = RoutingEngine.swift; sourceTree = "<group>"; };
		2A0000010000000000000033 /* ProtobufReader.swift */ = {isa = PBXFileReference; lastKnownFileType = sourcecode.swift; path = ProtobufReader.swift; sourceTree = "<group>"; };
		2A0000010000000000000034 /* PBFParser.swift */ = {isa = PBXFileReference; lastKnownFileType = sourcecode.swift; path = PBFParser.swift; sourceTree = "<group>"; };
		2A0000010000000000000035 /* ElevationDataManager.swift */ = {isa = PBXFileReference; lastKnownFileType = sourcecode.swift; path = ElevationDataManager.swift; sourceTree = "<group>"; };
		2A0000010000000000000036 /* RoutingGraphBuilder.swift */ = {isa = PBXFileReference; lastKnownFileType = sourcecode.swift; path = RoutingGraphBuilder.swift; sourceTree = "<group>"; };
		2A0000010000000000000037 /* OSMDataDownloader.swift */ = {isa = PBXFileReference; lastKnownFileType = sourcecode.swift; path = OSMDataDownloader.swift; sourceTree = "<group>"; };
		2A0000010000000000000038 /* TurnInstruction.swift */ = {isa = PBXFileReference; lastKnownFileType = sourcecode.swift; path = TurnInstruction.swift; sourceTree = "<group>"; };
		2A0000010000000000000039 /* PlannedRoute.swift */ = {isa = PBXFileReference; lastKnownFileType = sourcecode.swift; path = PlannedRoute.swift; sourceTree = "<group>"; };
		2A000001000000000000003A /* RoutePlanningView.swift */ = {isa = PBXFileReference; lastKnownFileType = sourcecode.swift; path = RoutePlanningView.swift; sourceTree = "<group>"; };
		2A000001000000000000003B /* RouteDetailView.swift */ = {isa = PBXFileReference; lastKnownFileType = sourcecode.swift; path = RouteDetailView.swift; sourceTree = "<group>"; };
		2A000001000000000000003C /* RouteUploadView.swift */ = {isa = PBXFileReference; lastKnownFileType = sourcecode.swift; path = RouteUploadView.swift; sourceTree = "<group>"; };
		2B0000010000000000000012 /* RouteGuidance.swift */ = {isa = PBXFileReference; lastKnownFileType = sourcecode.swift; path = RouteGuidance.swift; sourceTree = "<group>"; };
		2B0000010000000000000013 /* NavigationOverlay.swift */ = {isa = PBXFileReference; lastKnownFileType = sourcecode.swift; path = NavigationOverlay.swift; sourceTree = "<group>"; };
		2A000001000000000000003D /* CommunityBrowseView.swift */ = {isa = PBXFileReference; lastKnownFileType = sourcecode.swift; path = CommunityBrowseView.swift; sourceTree = "<group>"; };
		2A000001000000000000003E /* CommunityRouteDetailView.swift */ = {isa = PBXFileReference; lastKnownFileType = sourcecode.swift; path = CommunityRouteDetailView.swift; sourceTree = "<group>"; };
		2A0000010000000000000040 /* ActivityType.swift */ = {isa = PBXFileReference; lastKnownFileType = sourcecode.swift; path = ActivityType.swift; sourceTree = "<group>"; };
		2A0000010000000000000041 /* SharedRoute.swift */ = {isa = PBXFileReference; lastKnownFileType = sourcecode.swift; path = SharedRoute.swift; sourceTree = "<group>"; };
		2A0000010000000000000042 /* GitHubRouteService.swift */ = {isa = PBXFileReference; lastKnownFileType = sourcecode.swift; path = GitHubRouteService.swift; sourceTree = "<group>"; };
		2A0000010000000000000043 /* PhotoCompressor.swift */ = {isa = PBXFileReference; lastKnownFileType = sourcecode.swift; path = PhotoCompressor.swift; sourceTree = "<group>"; };
		2A0000010000000000000044 /* RouteExporter.swift */ = {isa = PBXFileReference; lastKnownFileType = sourcecode.swift; path = RouteExporter.swift; sourceTree = "<group>"; };
		2A0000010000000000000045 /* HikeSummaryExporter.swift */ = {isa = PBXFileReference; lastKnownFileType = sourcecode.swift; path = HikeSummaryExporter.swift; sourceTree = "<group>"; };
		2A0000010000000000000046 /* CloudKitStore.swift */ = {isa = PBXFileReference; lastKnownFileType = sourcecode.swift; path = CloudKitStore.swift; sourceTree = "<group>"; };
		2A0000010000000000000047 /* CloudSyncManager.swift */ = {isa = PBXFileReference; lastKnownFileType = sourcecode.swift; path = CloudSyncManager.swift; sourceTree = "<group>"; };
		2A0000010000000000000048 /* PDFExporter.swift */ = {isa = PBXFileReference; lastKnownFileType = sourcecode.swift; path = PDFExporter.swift; sourceTree = "<group>"; };
		2A0000010000000000000049 /* ExportSheet.swift */ = {isa = PBXFileReference; lastKnownFileType = sourcecode.swift; path = ExportSheet.swift; sourceTree = "<group>"; };
		2A000001000000000000004A /* SidebarView.swift */ = {isa = PBXFileReference; lastKnownFileType = sourcecode.swift; path = SidebarView.swift; sourceTree = "<group>"; };
		2A000001000000000000004B /* WaypointsListView.swift */ = {isa = PBXFileReference; lastKnownFileType = sourcecode.swift; path = WaypointsListView.swift; sourceTree = "<group>"; };
		2A000001000000000000004C /* OpenHiker iOS.entitlements */ = {isa = PBXFileReference; lastKnownFileType = text.plist.entitlements; path = "OpenHiker iOS.entitlements"; sourceTree = "<group>"; };
		2A000001000000000000004D /* TrailMapView.swift */ = {isa = PBXFileReference; lastKnownFileType = sourcecode.swift; path = TrailMapView.swift; sourceTree = "<group>"; };
		2A000001000000000000004E /* RoutePlanningMapView.swift */ = {isa = PBXFileReference; lastKnownFileType = sourcecode.swift; path = RoutePlanningMapView.swift; sourceTree = "<group>"; };
		2C0000010000000000000001 /* OpenHikerMacApp.swift */ = {isa = PBXFileReference; lastKnownFileType = sourcecode.swift; path = OpenHikerMacApp.swift; sourceTree = "<group>"; };
		2C0000010000000000000002 /* MacContentView.swift */ = {isa = PBXFileReference; lastKnownFileType = sourcecode.swift; path = MacContentView.swift; sourceTree = "<group>"; };
		2C0000010000000000000003 /* OpenHikerCommands.swift */ = {isa = PBXFileReference; lastKnownFileType = sourcecode.swift; path = OpenHikerCommands.swift; sourceTree = "<group>"; };
		2C0000010000000000000004 /* MacHikesView.swift */ = {isa = PBXFileReference; lastKnownFileType = sourcecode.swift; path = MacHikesView.swift; sourceTree = "<group>"; };
		2C0000010000000000000005 /* MacHikeDetailView.swift */ = {isa = PBXFileReference; lastKnownFileType = sourcecode.swift; path = MacHikeDetailView.swift; sourceTree = "<group>"; };
		2C0000010000000000000006 /* MacWaypointsView.swift */ = {isa = PBXFileReference; lastKnownFileType = sourcecode.swift; path = MacWaypointsView.swift; sourceTree = "<group>"; };
		2C0000010000000000000007 /* MacPlannedRoutesView.swift */ = {isa = PBXFileReference; lastKnownFileType = sourcecode.swift; path = MacPlannedRoutesView.swift; sourceTree = "<group>"; };
		2C0000010000000000000008 /* MacCommunityView.swift */ = {isa = PBXFileReference; lastKnownFileType = sourcecode.swift; path = MacCommunityView.swift; sourceTree = "<group>"; };
		2C0000010000000000000009 /* MacSettingsView.swift */ = {isa = PBXFileReference; lastKnownFileType = sourcecode.swift; path = MacSettingsView.swift; sourceTree = "<group>"; };
		2C000001000000000000000A /* MacPDFExporter.swift */ = {isa = PBXFileReference; lastKnownFileType = sourcecode.swift; path = MacPDFExporter.swift; sourceTree = "<group>"; };
		2C000001000000000000000B /* OpenHiker macOS.entitlements */ = {isa = PBXFileReference; lastKnownFileType = text.plist.entitlements; path = "OpenHiker macOS.entitlements"; sourceTree = "<group>"; };
		2C000001000000000000000C /* MacRegionSelectorView.swift */ = {isa = PBXFileReference; lastKnownFileType = sourcecode.swift; path = MacRegionSelectorView.swift; sourceTree = "<group>"; };
		2C000001000000000000000D /* MacRegionsListView.swift */ = {isa = PBXFileReference; lastKnownFileType = sourcecode.swift; path = MacRegionsListView.swift; sourceTree = "<group>"; };
		2C000001000000000000000E /* MacRoutePlanningView.swift */ = {isa = PBXFileReference; lastKnownFileType = sourcecode.swift; path = MacRoutePlanningView.swift; sourceTree = "<group>"; };
		2C000001000000000000000F /* GPXImportHandler.swift */ = {isa = PBXFileReference; lastKnownFileType = sourcecode.swift; path = GPXImportHandler.swift; sourceTree = "<group>"; };
		2C0000010000000000000010 /* MacAddWaypointView.swift */ = {isa = PBXFileReference; lastKnownFileType = sourcecode.swift; path = MacAddWaypointView.swift; sourceTree = "<group>"; };
		2C0000010000000000000011 /* MacTrailMapView.swift */ = {isa = PBXFileReference; lastKnownFileType = sourcecode.swift; path = MacTrailMapView.swift; sourceTree = "<group>"; };
		2C0000010000000000000012 /* MacAssets.xcassets */ = {isa = PBXFileReference; lastKnownFileType = folder.assetcatalog; path = MacAssets.xcassets; sourceTree = "<group>"; };
		3C0000010000000000000001 /* OpenHiker macOS.app */ = {isa = PBXFileReference; explicitFileType = wrapper.application; includeInIndex = 0; path = "OpenHiker macOS.app"; sourceTree = BUILT_PRODUCTS_DIR; };
		2B0000010000000000000014 /* UVIndexManager.swift */ = {isa = PBXFileReference; lastKnownFileType = sourcecode.swift; path = UVIndexManager.swift; sourceTree = "<group>"; };
		2B0000010000000000000015 /* UVIndexOverlay.swift */ = {isa = PBXFileReference; lastKnownFileType = sourcecode.swift; path = UVIndexOverlay.swift; sourceTree = "<group>"; };
		2B0000010000000000000016 /* HikeStatsDashboardView.swift */ = {isa = PBXFileReference; lastKnownFileType = sourcecode.swift; path = HikeStatsDashboardView.swift; sourceTree = "<group>"; };
		F10000010000000000000002 /* WeatherKit.framework */ = {isa = PBXFileReference; lastKnownFileType = wrapper.framework; name = WeatherKit.framework; path = System/Library/Frameworks/WeatherKit.framework; sourceTree = SDKROOT; };
/* End PBXFileReference section */

/* Begin PBXFrameworksBuildPhase section */
		4A0000010000000000000001 /* Frameworks */ = {
			isa = PBXFrameworksBuildPhase;
			buildActionMask = 2147483647;
			files = (
			);
			runOnlyForDeploymentPostprocessing = 0;
		};
		4B0000010000000000000001 /* Frameworks */ = {
			isa = PBXFrameworksBuildPhase;
			buildActionMask = 2147483647;
			files = (
				1B0000010000000000000009 /* HealthKit.framework in Frameworks */,
				1B000001000000000000004A /* WeatherKit.framework in Frameworks */,
			);
			runOnlyForDeploymentPostprocessing = 0;
		};
		4C0000010000000000000001 /* Frameworks */ = {
			isa = PBXFrameworksBuildPhase;
			buildActionMask = 2147483647;
			files = (
			);
			runOnlyForDeploymentPostprocessing = 0;
		};
/* End PBXFrameworksBuildPhase section */

/* Begin PBXGroup section */
		5A0000010000000000000001 = {
			isa = PBXGroup;
			children = (
				5A0000010000000000000002 /* OpenHiker iOS */,
				5B0000010000000000000002 /* OpenHiker watchOS */,
				5D0000010000000000000001 /* OpenHiker macOS */,
				5C0000010000000000000001 /* Shared */,
				5A0000010000000000000003 /* Products */,
			);
			sourceTree = "<group>";
		};
		5A0000010000000000000002 /* OpenHiker iOS */ = {
			isa = PBXGroup;
			children = (
				2A000001000000000000004C /* OpenHiker iOS.entitlements */,
				5A0000010000000000000004 /* App */,
				5A0000010000000000000005 /* Views */,
				5A0000010000000000000006 /* Services */,
				5A0000010000000000000007 /* Resources */,
			);
			path = "OpenHiker iOS";
			sourceTree = "<group>";
		};
		5A0000010000000000000003 /* Products */ = {
			isa = PBXGroup;
			children = (
				3A0000010000000000000001 /* OpenHiker.app */,
				3B0000010000000000000001 /* OpenHiker Watch App.app */,
				3C0000010000000000000001 /* OpenHiker macOS.app */,
			);
			name = Products;
			sourceTree = "<group>";
		};
		5A0000010000000000000004 /* App */ = {
			isa = PBXGroup;
			children = (
				2A0000010000000000000001 /* OpenHikerApp.swift */,
				2A0000010000000000000002 /* ContentView.swift */,
			);
			path = App;
			sourceTree = "<group>";
		};
		5A0000010000000000000005 /* Views */ = {
			isa = PBXGroup;
			children = (
				2A0000010000000000000004 /* RegionSelectorView.swift */,
				2A0000010000000000000008 /* AddWaypointView.swift */,
				2A0000010000000000000009 /* WaypointDetailView.swift */,
				2A0000010000000000000021 /* HikesListView.swift */,
				2A0000010000000000000022 /* HikeDetailView.swift */,
				2A0000010000000000000023 /* ElevationProfileView.swift */,
				2A000001000000000000003A /* RoutePlanningView.swift */,
				2A000001000000000000003B /* RouteDetailView.swift */,
				2A000001000000000000003C /* RouteUploadView.swift */,
				2A000001000000000000003D /* CommunityBrowseView.swift */,
				2A000001000000000000003E /* CommunityRouteDetailView.swift */,
				2A0000010000000000000049 /* ExportSheet.swift */,
				2A000001000000000000004A /* SidebarView.swift */,
				2A000001000000000000004B /* WaypointsListView.swift */,
				2A000001000000000000004D /* TrailMapView.swift */,
				2A000001000000000000004E /* RoutePlanningMapView.swift */,
			);
			path = Views;
			sourceTree = "<group>";
		};
		5A0000010000000000000006 /* Services */ = {
			isa = PBXGroup;
			children = (
				2A0000010000000000000005 /* TileDownloader.swift */,
				2A0000010000000000000006 /* WatchTransferManager.swift */,
				2A0000010000000000000007 /* RegionStorage.swift */,
				2A0000010000000000000033 /* ProtobufReader.swift */,
				2A0000010000000000000034 /* PBFParser.swift */,
				2A0000010000000000000035 /* ElevationDataManager.swift */,
				2A0000010000000000000036 /* RoutingGraphBuilder.swift */,
				2A0000010000000000000037 /* OSMDataDownloader.swift */,
				2A0000010000000000000048 /* PDFExporter.swift */,
			);
			path = Services;
			sourceTree = "<group>";
		};
		5A0000010000000000000007 /* Resources */ = {
			isa = PBXGroup;
			children = (
				2A0000010000000000000003 /* Assets.xcassets */,
			);
			path = Resources;
			sourceTree = "<group>";
		};
		5B0000010000000000000002 /* OpenHiker watchOS */ = {
			isa = PBXGroup;
			children = (
				2B0000010000000000000009 /* OpenHiker watchOS.entitlements */,
				5B0000010000000000000004 /* App */,
				5B0000010000000000000005 /* Views */,
				5B0000010000000000000006 /* Services */,
				5B0000010000000000000007 /* Resources */,
			);
			path = "OpenHiker watchOS";
			sourceTree = "<group>";
		};
		5B0000010000000000000004 /* App */ = {
			isa = PBXGroup;
			children = (
				2B0000010000000000000001 /* OpenHikerWatchApp.swift */,
				2B0000010000000000000002 /* WatchContentView.swift */,
			);
			path = App;
			sourceTree = "<group>";
		};
		5B0000010000000000000005 /* Views */ = {
			isa = PBXGroup;
			children = (
				2B0000010000000000000006 /* MapView.swift */,
				2B0000010000000000000007 /* HikeStatsOverlay.swift */,
				2B0000010000000000000010 /* AddWaypointSheet.swift */,
				2B0000010000000000000011 /* SaveHikeSheet.swift */,
				2B0000010000000000000013 /* NavigationOverlay.swift */,
				2B0000010000000000000015 /* UVIndexOverlay.swift */,
				2B0000010000000000000016 /* HikeStatsDashboardView.swift */,
			);
			path = Views;
			sourceTree = "<group>";
		};
		5B0000010000000000000006 /* Services */ = {
			isa = PBXGroup;
			children = (
				2B0000010000000000000004 /* MapRenderer.swift */,
				2B0000010000000000000005 /* LocationManager.swift */,
				2B0000010000000000000008 /* HealthKitManager.swift */,
				2B0000010000000000000012 /* RouteGuidance.swift */,
				2B0000010000000000000014 /* UVIndexManager.swift */,
			);
			path = Services;
			sourceTree = "<group>";
		};
		5B0000010000000000000007 /* Resources */ = {
			isa = PBXGroup;
			children = (
				2B0000010000000000000003 /* WatchAssets.xcassets */,
			);
			path = Resources;
			sourceTree = "<group>";
		};
		5C0000010000000000000001 /* Shared */ = {
			isa = PBXGroup;
			children = (
				5C0000010000000000000002 /* Models */,
				5C0000010000000000000003 /* Storage */,
				5C0000010000000000000005 /* Services */,
				5C0000010000000000000004 /* Utilities */,
			);
			path = Shared;
			sourceTree = "<group>";
		};
		5C0000010000000000000005 /* Services */ = {
			isa = PBXGroup;
			children = (
				2A0000010000000000000032 /* RoutingEngine.swift */,
				2A0000010000000000000042 /* GitHubRouteService.swift */,
				2A0000010000000000000045 /* HikeSummaryExporter.swift */,
				2A0000010000000000000046 /* CloudKitStore.swift */,
				2A0000010000000000000047 /* CloudSyncManager.swift */,
			);
			path = Services;
			sourceTree = "<group>";
		};
		5C0000010000000000000002 /* Models */ = {
			isa = PBXGroup;
			children = (
				2A0000010000000000000011 /* TileCoordinate.swift */,
				2A0000010000000000000012 /* Region.swift */,
				2A0000010000000000000013 /* HikeStatistics.swift */,
				2A0000010000000000000014 /* Waypoint.swift */,
				2A0000010000000000000018 /* SavedRoute.swift */,
				2A0000010000000000000030 /* RoutingGraph.swift */,
				2A0000010000000000000038 /* TurnInstruction.swift */,
				2A0000010000000000000039 /* PlannedRoute.swift */,
				2A0000010000000000000040 /* ActivityType.swift */,
				2A0000010000000000000041 /* SharedRoute.swift */,
			);
			path = Models;
			sourceTree = "<group>";
		};
		5C0000010000000000000003 /* Storage */ = {
			isa = PBXGroup;
			children = (
				2A0000010000000000000010 /* TileStore.swift */,
				2A0000010000000000000015 /* WaypointStore.swift */,
				2A0000010000000000000019 /* RouteStore.swift */,
				2A0000010000000000000031 /* RoutingStore.swift */,
			);
			path = Storage;
			sourceTree = "<group>";
		};
		5C0000010000000000000004 /* Utilities */ = {
			isa = PBXGroup;
			children = (
				2A0000010000000000000020 /* TrackCompression.swift */,
				2A0000010000000000000043 /* PhotoCompressor.swift */,
				2A0000010000000000000044 /* RouteExporter.swift */,
			);
			path = Utilities;
			sourceTree = "<group>";
		};
		5D0000010000000000000001 /* OpenHiker macOS */ = {
			isa = PBXGroup;
			children = (
				2C000001000000000000000B /* OpenHiker macOS.entitlements */,
				5D0000010000000000000002 /* App */,
				5D0000010000000000000003 /* Views */,
				5D0000010000000000000004 /* Services */,
				5D0000010000000000000005 /* Resources */,
			);
			path = "OpenHiker macOS";
			sourceTree = "<group>";
		};
		5D0000010000000000000002 /* App */ = {
			isa = PBXGroup;
			children = (
				2C0000010000000000000001 /* OpenHikerMacApp.swift */,
				2C0000010000000000000002 /* MacContentView.swift */,
				2C0000010000000000000003 /* OpenHikerCommands.swift */,
			);
			path = App;
			sourceTree = "<group>";
		};
		5D0000010000000000000003 /* Views */ = {
			isa = PBXGroup;
			children = (
				2C000001000000000000000C /* MacRegionSelectorView.swift */,
				2C0000010000000000000011 /* MacTrailMapView.swift */,
				2C000001000000000000000D /* MacRegionsListView.swift */,
				2C0000010000000000000004 /* MacHikesView.swift */,
				2C0000010000000000000005 /* MacHikeDetailView.swift */,
				2C0000010000000000000006 /* MacWaypointsView.swift */,
				2C0000010000000000000007 /* MacPlannedRoutesView.swift */,
				2C000001000000000000000E /* MacRoutePlanningView.swift */,
				2C0000010000000000000008 /* MacCommunityView.swift */,
				2C0000010000000000000009 /* MacSettingsView.swift */,
				2C0000010000000000000010 /* MacAddWaypointView.swift */,
				2C000001000000000000000F /* GPXImportHandler.swift */,
			);
			path = Views;
			sourceTree = "<group>";
		};
		5D0000010000000000000004 /* Services */ = {
			isa = PBXGroup;
			children = (
				2C000001000000000000000A /* MacPDFExporter.swift */,
			);
			path = Services;
			sourceTree = "<group>";
		};
		5D0000010000000000000005 /* Resources */ = {
			isa = PBXGroup;
			children = (
				2C0000010000000000000012 /* MacAssets.xcassets */,
			);
			path = Resources;
			sourceTree = "<group>";
		};
/* End PBXGroup section */

/* Begin PBXNativeTarget section */
		6A0000010000000000000001 /* OpenHiker */ = {
			isa = PBXNativeTarget;
			buildConfigurationList = 7A0000010000000000000001 /* Build configuration list for PBXNativeTarget "OpenHiker" */;
			buildPhases = (
				6A0000010000000000000002 /* Sources */,
				4A0000010000000000000001 /* Frameworks */,
				6A0000010000000000000003 /* Resources */,
				DA0000010000000000000001 /* Embed Watch Content */,
			);
			buildRules = (
			);
			dependencies = (
				EA0000010000000000000001 /* PBXTargetDependency */,
			);
			name = OpenHiker;
			productName = OpenHiker;
			productReference = 3A0000010000000000000001 /* OpenHiker.app */;
			productType = "com.apple.product-type.application";
		};
		6B0000010000000000000001 /* OpenHiker Watch App */ = {
			isa = PBXNativeTarget;
			buildConfigurationList = 7B0000010000000000000001 /* Build configuration list for PBXNativeTarget "OpenHiker Watch App" */;
			buildPhases = (
				6B0000010000000000000002 /* Sources */,
				4B0000010000000000000001 /* Frameworks */,
				6B0000010000000000000003 /* Resources */,
			);
			buildRules = (
			);
			dependencies = (
			);
			name = "OpenHiker Watch App";
			productName = "OpenHiker Watch App";
			productReference = 3B0000010000000000000001 /* OpenHiker Watch App.app */;
			productType = "com.apple.product-type.application";
		};
		6C0000010000000000000001 /* OpenHiker macOS */ = {
			isa = PBXNativeTarget;
			buildConfigurationList = 7C0000010000000000000001 /* Build configuration list for PBXNativeTarget "OpenHiker macOS" */;
			buildPhases = (
				6C0000010000000000000002 /* Sources */,
				4C0000010000000000000001 /* Frameworks */,
				6C0000010000000000000003 /* Resources */,
			);
			buildRules = (
			);
			dependencies = (
			);
			name = "OpenHiker macOS";
			productName = "OpenHiker macOS";
			productReference = 3C0000010000000000000001 /* OpenHiker macOS.app */;
			productType = "com.apple.product-type.application";
		};
/* End PBXNativeTarget section */

/* Begin PBXTargetDependency section */
		EA0000010000000000000001 /* PBXTargetDependency */ = {
			isa = PBXTargetDependency;
			target = 6B0000010000000000000001 /* OpenHiker Watch App */;
			targetProxy = CA0000010000000000000001 /* PBXContainerItemProxy */;
		};
/* End PBXTargetDependency section */

/* Begin PBXProject section */
		8A0000010000000000000001 /* Project object */ = {
			isa = PBXProject;
			attributes = {
				BuildIndependentTargetsInParallel = 1;
				LastSwiftUpdateCheck = 1500;
				LastUpgradeCheck = 2620;
				TargetAttributes = {
					6A0000010000000000000001 = {
						CreatedOnToolsVersion = 15.0;
					};
					6B0000010000000000000001 = {
						CreatedOnToolsVersion = 15.0;
					};
					6C0000010000000000000001 = {
						CreatedOnToolsVersion = 15.0;
					};
				};
			};
			buildConfigurationList = 8A0000010000000000000002 /* Build configuration list for PBXProject "OpenHiker" */;
			compatibilityVersion = "Xcode 14.0";
			developmentRegion = en;
			hasScannedForEncodings = 0;
			knownRegions = (
				en,
				Base,
			);
			mainGroup = 5A0000010000000000000001;
			productRefGroup = 5A0000010000000000000003 /* Products */;
			projectDirPath = "";
			projectRoot = "";
			targets = (
				6A0000010000000000000001 /* OpenHiker */,
				6B0000010000000000000001 /* OpenHiker Watch App */,
				6C0000010000000000000001 /* OpenHiker macOS */,
			);
		};
/* End PBXProject section */

/* Begin PBXResourcesBuildPhase section */
		6A0000010000000000000003 /* Resources */ = {
			isa = PBXResourcesBuildPhase;
			buildActionMask = 2147483647;
			files = (
				1A0000010000000000000003 /* Assets.xcassets in Resources */,
			);
			runOnlyForDeploymentPostprocessing = 0;
		};
		6B0000010000000000000003 /* Resources */ = {
			isa = PBXResourcesBuildPhase;
			buildActionMask = 2147483647;
			files = (
				1B0000010000000000000003 /* WatchAssets.xcassets in Resources */,
			);
			runOnlyForDeploymentPostprocessing = 0;
		};
		6C0000010000000000000003 /* Resources */ = {
			isa = PBXResourcesBuildPhase;
			buildActionMask = 2147483647;
			files = (
				1C000001000000000000002F /* MacAssets.xcassets in Resources */,
			);
			runOnlyForDeploymentPostprocessing = 0;
		};
/* End PBXResourcesBuildPhase section */

/* Begin PBXSourcesBuildPhase section */
		6A0000010000000000000002 /* Sources */ = {
			isa = PBXSourcesBuildPhase;
			buildActionMask = 2147483647;
			files = (
				1A0000010000000000000001 /* OpenHikerApp.swift in Sources */,
				1A0000010000000000000002 /* ContentView.swift in Sources */,
				1A0000010000000000000004 /* RegionSelectorView.swift in Sources */,
				1A0000010000000000000005 /* TileDownloader.swift in Sources */,
				1A0000010000000000000006 /* WatchTransferManager.swift in Sources */,
				1A0000010000000000000007 /* RegionStorage.swift in Sources */,
				1A0000010000000000000010 /* TileStore.swift in Sources */,
				1A0000010000000000000011 /* TileCoordinate.swift in Sources */,
				1A0000010000000000000012 /* Region.swift in Sources */,
				1A0000010000000000000013 /* HikeStatistics.swift in Sources */,
				1A0000010000000000000014 /* Waypoint.swift in Sources */,
				1A0000010000000000000015 /* WaypointStore.swift in Sources */,
				1A0000010000000000000008 /* AddWaypointView.swift in Sources */,
				1A0000010000000000000009 /* WaypointDetailView.swift in Sources */,
				1A0000010000000000000018 /* SavedRoute.swift in Sources */,
				1A0000010000000000000019 /* RouteStore.swift in Sources */,
				1A0000010000000000000021 /* TrackCompression.swift in Sources */,
				1A0000010000000000000022 /* HikesListView.swift in Sources */,
				1A0000010000000000000023 /* HikeDetailView.swift in Sources */,
				1A0000010000000000000024 /* ElevationProfileView.swift in Sources */,
				1A0000010000000000000030 /* RoutingGraph.swift in Sources */,
				1A0000010000000000000031 /* RoutingStore.swift in Sources */,
				1A0000010000000000000032 /* RoutingEngine.swift in Sources */,
				1A0000010000000000000033 /* ProtobufReader.swift in Sources */,
				1A0000010000000000000034 /* PBFParser.swift in Sources */,
				1A0000010000000000000035 /* ElevationDataManager.swift in Sources */,
				1A0000010000000000000036 /* RoutingGraphBuilder.swift in Sources */,
				1A0000010000000000000037 /* OSMDataDownloader.swift in Sources */,
				1A0000010000000000000038 /* TurnInstruction.swift in Sources */,
				1A0000010000000000000039 /* PlannedRoute.swift in Sources */,
				1A000001000000000000003A /* RoutePlanningView.swift in Sources */,
				1A000001000000000000003B /* RouteDetailView.swift in Sources */,
				1A000001000000000000003C /* RouteUploadView.swift in Sources */,
				1A000001000000000000003D /* CommunityBrowseView.swift in Sources */,
				1A000001000000000000003E /* CommunityRouteDetailView.swift in Sources */,
				1A0000010000000000000040 /* ActivityType.swift in Sources */,
				1A0000010000000000000041 /* SharedRoute.swift in Sources */,
				1A0000010000000000000042 /* GitHubRouteService.swift in Sources */,
				1A0000010000000000000043 /* PhotoCompressor.swift in Sources */,
				1A0000010000000000000044 /* RouteExporter.swift in Sources */,
				1A0000010000000000000045 /* HikeSummaryExporter.swift in Sources */,
				1A0000010000000000000046 /* CloudKitStore.swift in Sources */,
				1A0000010000000000000047 /* CloudSyncManager.swift in Sources */,
				1A0000010000000000000048 /* PDFExporter.swift in Sources */,
				1A0000010000000000000049 /* ExportSheet.swift in Sources */,
				1A000001000000000000004A /* SidebarView.swift in Sources */,
				1A000001000000000000004B /* WaypointsListView.swift in Sources */,
				1A000001000000000000004C /* TrailMapView.swift in Sources */,
				1A000001000000000000004E /* RoutePlanningMapView.swift in Sources */,
			);
			runOnlyForDeploymentPostprocessing = 0;
		};
		6B0000010000000000000002 /* Sources */ = {
			isa = PBXSourcesBuildPhase;
			buildActionMask = 2147483647;
			files = (
				1B0000010000000000000001 /* OpenHikerWatchApp.swift in Sources */,
				1B0000010000000000000002 /* WatchContentView.swift in Sources */,
				1B0000010000000000000004 /* MapRenderer.swift in Sources */,
				1B0000010000000000000005 /* LocationManager.swift in Sources */,
				1B0000010000000000000006 /* MapView.swift in Sources */,
				1B0000010000000000000010 /* TileStore.swift in Sources */,
				1B0000010000000000000011 /* TileCoordinate.swift in Sources */,
				1B0000010000000000000012 /* Region.swift in Sources */,
				1B0000010000000000000013 /* HikeStatistics.swift in Sources */,
				1B0000010000000000000007 /* HikeStatsOverlay.swift in Sources */,
				1B0000010000000000000008 /* HealthKitManager.swift in Sources */,
				1B0000010000000000000014 /* Waypoint.swift in Sources */,
				1B0000010000000000000015 /* WaypointStore.swift in Sources */,
				1B0000010000000000000016 /* AddWaypointSheet.swift in Sources */,
				1B0000010000000000000018 /* SavedRoute.swift in Sources */,
				1B0000010000000000000019 /* RouteStore.swift in Sources */,
				1B0000010000000000000021 /* TrackCompression.swift in Sources */,
				1B0000010000000000000017 /* SaveHikeSheet.swift in Sources */,
				1B0000010000000000000030 /* RoutingGraph.swift in Sources */,
				1B0000010000000000000031 /* RoutingStore.swift in Sources */,
				1B0000010000000000000032 /* RoutingEngine.swift in Sources */,
				1B0000010000000000000038 /* TurnInstruction.swift in Sources */,
				1B0000010000000000000039 /* PlannedRoute.swift in Sources */,
				1B0000010000000000000033 /* RouteGuidance.swift in Sources */,
				1B0000010000000000000034 /* NavigationOverlay.swift in Sources */,
				1B0000010000000000000040 /* ActivityType.swift in Sources */,
				1B0000010000000000000041 /* SharedRoute.swift in Sources */,
				1B0000010000000000000042 /* GitHubRouteService.swift in Sources */,
				1B0000010000000000000044 /* RouteExporter.swift in Sources */,
				1B0000010000000000000045 /* HikeSummaryExporter.swift in Sources */,
				1B0000010000000000000046 /* CloudKitStore.swift in Sources */,
				1B0000010000000000000047 /* CloudSyncManager.swift in Sources */,
				1B0000010000000000000048 /* UVIndexManager.swift in Sources */,
				1B0000010000000000000049 /* UVIndexOverlay.swift in Sources */,
				1B0000010000000000000050 /* HikeStatsDashboardView.swift in Sources */,
			);
			runOnlyForDeploymentPostprocessing = 0;
		};
		6C0000010000000000000002 /* Sources */ = {
			isa = PBXSourcesBuildPhase;
			buildActionMask = 2147483647;
			files = (
				1C0000010000000000000001 /* OpenHikerMacApp.swift in Sources */,
				1C0000010000000000000002 /* MacContentView.swift in Sources */,
				1C0000010000000000000003 /* OpenHikerCommands.swift in Sources */,
				1C0000010000000000000004 /* MacHikesView.swift in Sources */,
				1C0000010000000000000005 /* MacHikeDetailView.swift in Sources */,
				1C0000010000000000000006 /* MacWaypointsView.swift in Sources */,
				1C0000010000000000000007 /* MacPlannedRoutesView.swift in Sources */,
				1C0000010000000000000008 /* MacCommunityView.swift in Sources */,
				1C0000010000000000000009 /* MacSettingsView.swift in Sources */,
				1C000001000000000000000A /* MacPDFExporter.swift in Sources */,
				1C000001000000000000000B /* HikeSummaryExporter.swift in Sources */,
				1C000001000000000000000C /* CloudKitStore.swift in Sources */,
				1C000001000000000000000D /* CloudSyncManager.swift in Sources */,
				1C000001000000000000000E /* TileStore.swift in Sources */,
				1C000001000000000000000F /* TileCoordinate.swift in Sources */,
				1C0000010000000000000010 /* Region.swift in Sources */,
				1C0000010000000000000011 /* HikeStatistics.swift in Sources */,
				1C0000010000000000000012 /* Waypoint.swift in Sources */,
				1C0000010000000000000013 /* WaypointStore.swift in Sources */,
				1C0000010000000000000014 /* SavedRoute.swift in Sources */,
				1C0000010000000000000015 /* RouteStore.swift in Sources */,
				1C0000010000000000000016 /* TrackCompression.swift in Sources */,
				1C0000010000000000000017 /* RoutingGraph.swift in Sources */,
				1C0000010000000000000018 /* RoutingStore.swift in Sources */,
				1C0000010000000000000019 /* RoutingEngine.swift in Sources */,
				1C000001000000000000001A /* TurnInstruction.swift in Sources */,
				1C000001000000000000001B /* PlannedRoute.swift in Sources */,
				1C000001000000000000001C /* ActivityType.swift in Sources */,
				1C000001000000000000001D /* SharedRoute.swift in Sources */,
				1C000001000000000000001E /* GitHubRouteService.swift in Sources */,
				1C000001000000000000001F /* PhotoCompressor.swift in Sources */,
				1C0000010000000000000020 /* RouteExporter.swift in Sources */,
				1C0000010000000000000021 /* ElevationProfileView.swift in Sources */,
				1C0000010000000000000022 /* TileDownloader.swift in Sources */,
				1C0000010000000000000023 /* RegionStorage.swift in Sources */,
				1C0000010000000000000024 /* ProtobufReader.swift in Sources */,
				1C0000010000000000000025 /* PBFParser.swift in Sources */,
				1C0000010000000000000026 /* ElevationDataManager.swift in Sources */,
				1C0000010000000000000027 /* RoutingGraphBuilder.swift in Sources */,
				1C0000010000000000000028 /* OSMDataDownloader.swift in Sources */,
				1C0000010000000000000029 /* MacRegionSelectorView.swift in Sources */,
				1C000001000000000000002A /* MacRegionsListView.swift in Sources */,
				1C000001000000000000002B /* MacRoutePlanningView.swift in Sources */,
				1C000001000000000000002C /* GPXImportHandler.swift in Sources */,
				1C000001000000000000002D /* MacAddWaypointView.swift in Sources */,
				1C000001000000000000002E /* MacTrailMapView.swift in Sources */,
			);
			runOnlyForDeploymentPostprocessing = 0;
		};
/* End PBXSourcesBuildPhase section */

/* Begin XCBuildConfiguration section */
		9A0000010000000000000001 /* Debug */ = {
			isa = XCBuildConfiguration;
			buildSettings = {
				ALWAYS_SEARCH_USER_PATHS = NO;
				ASSETCATALOG_COMPILER_GENERATE_SWIFT_ASSET_SYMBOL_EXTENSIONS = YES;
				CLANG_ANALYZER_NONNULL = YES;
				CLANG_ANALYZER_NUMBER_OBJECT_CONVERSION = YES_AGGRESSIVE;
				CLANG_CXX_LANGUAGE_STANDARD = "gnu++20";
				CLANG_ENABLE_MODULES = YES;
				CLANG_ENABLE_OBJC_ARC = YES;
				CLANG_ENABLE_OBJC_WEAK = YES;
				CLANG_WARN_BLOCK_CAPTURE_AUTORELEASING = YES;
				CLANG_WARN_BOOL_CONVERSION = YES;
				CLANG_WARN_COMMA = YES;
				CLANG_WARN_CONSTANT_CONVERSION = YES;
				CLANG_WARN_DEPRECATED_OBJC_IMPLEMENTATIONS = YES;
				CLANG_WARN_DIRECT_OBJC_ISA_USAGE = YES_ERROR;
				CLANG_WARN_DOCUMENTATION_COMMENTS = YES;
				CLANG_WARN_EMPTY_BODY = YES;
				CLANG_WARN_ENUM_CONVERSION = YES;
				CLANG_WARN_INFINITE_RECURSION = YES;
				CLANG_WARN_INT_CONVERSION = YES;
				CLANG_WARN_NON_LITERAL_NULL_CONVERSION = YES;
				CLANG_WARN_OBJC_IMPLICIT_RETAIN_SELF = YES;
				CLANG_WARN_OBJC_LITERAL_CONVERSION = YES;
				CLANG_WARN_OBJC_ROOT_CLASS = YES_ERROR;
				CLANG_WARN_QUOTED_INCLUDE_IN_FRAMEWORK_HEADER = YES;
				CLANG_WARN_RANGE_LOOP_ANALYSIS = YES;
				CLANG_WARN_STRICT_PROTOTYPES = YES;
				CLANG_WARN_SUSPICIOUS_MOVE = YES;
				CLANG_WARN_UNGUARDED_AVAILABILITY = YES_AGGRESSIVE;
				CLANG_WARN_UNREACHABLE_CODE = YES;
				CLANG_WARN__DUPLICATE_METHOD_MATCH = YES;
				COPY_PHASE_STRIP = NO;
				DEAD_CODE_STRIPPING = YES;
				DEBUG_INFORMATION_FORMAT = dwarf;
				ENABLE_STRICT_OBJC_MSGSEND = YES;
				ENABLE_TESTABILITY = YES;
				ENABLE_USER_SCRIPT_SANDBOXING = YES;
				GCC_C_LANGUAGE_STANDARD = gnu17;
				GCC_DYNAMIC_NO_PIC = NO;
				GCC_NO_COMMON_BLOCKS = YES;
				GCC_OPTIMIZATION_LEVEL = 0;
				GCC_PREPROCESSOR_DEFINITIONS = (
					"DEBUG=1",
					"$(inherited)",
				);
				GCC_WARN_64_TO_32_BIT_CONVERSION = YES;
				GCC_WARN_ABOUT_RETURN_TYPE = YES_ERROR;
				GCC_WARN_UNDECLARED_SELECTOR = YES;
				GCC_WARN_UNINITIALIZED_AUTOS = YES_AGGRESSIVE;
				GCC_WARN_UNUSED_FUNCTION = YES;
				GCC_WARN_UNUSED_VARIABLE = YES;
				LOCALIZATION_PREFERS_STRING_CATALOGS = YES;
				MTL_ENABLE_DEBUG_INFO = INCLUDE_SOURCE;
				MTL_FAST_MATH = YES;
				ONLY_ACTIVE_ARCH = YES;
				STRING_CATALOG_GENERATE_SYMBOLS = YES;
				SWIFT_ACTIVE_COMPILATION_CONDITIONS = "DEBUG $(inherited)";
				SWIFT_OPTIMIZATION_LEVEL = "-Onone";
			};
			name = Debug;
		};
		9A0000010000000000000002 /* Release */ = {
			isa = XCBuildConfiguration;
			buildSettings = {
				ALWAYS_SEARCH_USER_PATHS = NO;
				ASSETCATALOG_COMPILER_GENERATE_SWIFT_ASSET_SYMBOL_EXTENSIONS = YES;
				CLANG_ANALYZER_NONNULL = YES;
				CLANG_ANALYZER_NUMBER_OBJECT_CONVERSION = YES_AGGRESSIVE;
				CLANG_CXX_LANGUAGE_STANDARD = "gnu++20";
				CLANG_ENABLE_MODULES = YES;
				CLANG_ENABLE_OBJC_ARC = YES;
				CLANG_ENABLE_OBJC_WEAK = YES;
				CLANG_WARN_BLOCK_CAPTURE_AUTORELEASING = YES;
				CLANG_WARN_BOOL_CONVERSION = YES;
				CLANG_WARN_COMMA = YES;
				CLANG_WARN_CONSTANT_CONVERSION = YES;
				CLANG_WARN_DEPRECATED_OBJC_IMPLEMENTATIONS = YES;
				CLANG_WARN_DIRECT_OBJC_ISA_USAGE = YES_ERROR;
				CLANG_WARN_DOCUMENTATION_COMMENTS = YES;
				CLANG_WARN_EMPTY_BODY = YES;
				CLANG_WARN_ENUM_CONVERSION = YES;
				CLANG_WARN_INFINITE_RECURSION = YES;
				CLANG_WARN_INT_CONVERSION = YES;
				CLANG_WARN_NON_LITERAL_NULL_CONVERSION = YES;
				CLANG_WARN_OBJC_IMPLICIT_RETAIN_SELF = YES;
				CLANG_WARN_OBJC_LITERAL_CONVERSION = YES;
				CLANG_WARN_OBJC_ROOT_CLASS = YES_ERROR;
				CLANG_WARN_QUOTED_INCLUDE_IN_FRAMEWORK_HEADER = YES;
				CLANG_WARN_RANGE_LOOP_ANALYSIS = YES;
				CLANG_WARN_STRICT_PROTOTYPES = YES;
				CLANG_WARN_SUSPICIOUS_MOVE = YES;
				CLANG_WARN_UNGUARDED_AVAILABILITY = YES_AGGRESSIVE;
				CLANG_WARN_UNREACHABLE_CODE = YES;
				CLANG_WARN__DUPLICATE_METHOD_MATCH = YES;
				COPY_PHASE_STRIP = NO;
				DEAD_CODE_STRIPPING = YES;
				DEBUG_INFORMATION_FORMAT = "dwarf-with-dsym";
				ENABLE_NS_ASSERTIONS = NO;
				ENABLE_STRICT_OBJC_MSGSEND = YES;
				ENABLE_USER_SCRIPT_SANDBOXING = YES;
				GCC_C_LANGUAGE_STANDARD = gnu17;
				GCC_NO_COMMON_BLOCKS = YES;
				GCC_WARN_64_TO_32_BIT_CONVERSION = YES;
				GCC_WARN_ABOUT_RETURN_TYPE = YES_ERROR;
				GCC_WARN_UNDECLARED_SELECTOR = YES;
				GCC_WARN_UNINITIALIZED_AUTOS = YES_AGGRESSIVE;
				GCC_WARN_UNUSED_FUNCTION = YES;
				GCC_WARN_UNUSED_VARIABLE = YES;
				LOCALIZATION_PREFERS_STRING_CATALOGS = YES;
				MTL_ENABLE_DEBUG_INFO = NO;
				MTL_FAST_MATH = YES;
				STRING_CATALOG_GENERATE_SYMBOLS = YES;
				SWIFT_COMPILATION_MODE = wholemodule;
			};
			name = Release;
		};
		9A0000010000000000000003 /* Debug */ = {
			isa = XCBuildConfiguration;
			buildSettings = {
				ASSETCATALOG_COMPILER_APPICON_NAME = AppIcon;
				ASSETCATALOG_COMPILER_GLOBAL_ACCENT_COLOR_NAME = AccentColor;
				CODE_SIGN_ENTITLEMENTS = "OpenHiker iOS/OpenHiker iOS.entitlements";
				CODE_SIGN_STYLE = Automatic;
				CURRENT_PROJECT_VERSION = 1;
				DEVELOPMENT_TEAM = X5DWXB4283;
				GENERATE_INFOPLIST_FILE = YES;
				INFOPLIST_FILE = "OpenHiker iOS/Resources/Info.plist";
				INFOPLIST_KEY_NSLocationWhenInUseUsageDescription = "OpenHiker needs your location to show your position on the map and track your hike.";
				INFOPLIST_KEY_UIApplicationSceneManifest_Generation = YES;
				INFOPLIST_KEY_UIApplicationSupportsIndirectInputEvents = YES;
				INFOPLIST_KEY_UILaunchScreen_Generation = YES;
				INFOPLIST_KEY_UISupportedInterfaceOrientations_iPad = "UIInterfaceOrientationPortrait UIInterfaceOrientationPortraitUpsideDown UIInterfaceOrientationLandscapeLeft UIInterfaceOrientationLandscapeRight";
				INFOPLIST_KEY_UISupportedInterfaceOrientations_iPhone = "UIInterfaceOrientationPortrait UIInterfaceOrientationLandscapeLeft UIInterfaceOrientationLandscapeRight";
				IPHONEOS_DEPLOYMENT_TARGET = 17.0;
				LD_RUNPATH_SEARCH_PATHS = (
					"$(inherited)",
					"@executable_path/Frameworks",
				);
				MARKETING_VERSION = 1.0;
				PRODUCT_BUNDLE_IDENTIFIER = com.openhiker.ios;
				PRODUCT_NAME = "$(TARGET_NAME)";
				SDKROOT = iphoneos;
				SWIFT_EMIT_LOC_STRINGS = YES;
				SWIFT_VERSION = 5.0;
				TARGETED_DEVICE_FAMILY = "1,2";
			};
			name = Debug;
		};
		9A0000010000000000000004 /* Release */ = {
			isa = XCBuildConfiguration;
			buildSettings = {
				ASSETCATALOG_COMPILER_APPICON_NAME = AppIcon;
				ASSETCATALOG_COMPILER_GLOBAL_ACCENT_COLOR_NAME = AccentColor;
				CODE_SIGN_ENTITLEMENTS = "OpenHiker iOS/OpenHiker iOS.entitlements";
				CODE_SIGN_STYLE = Automatic;
				CURRENT_PROJECT_VERSION = 1;
				DEVELOPMENT_TEAM = X5DWXB4283;
				GENERATE_INFOPLIST_FILE = YES;
				INFOPLIST_FILE = "OpenHiker iOS/Resources/Info.plist";
				INFOPLIST_KEY_NSLocationWhenInUseUsageDescription = "OpenHiker needs your location to show your position on the map and track your hike.";
				INFOPLIST_KEY_UIApplicationSceneManifest_Generation = YES;
				INFOPLIST_KEY_UIApplicationSupportsIndirectInputEvents = YES;
				INFOPLIST_KEY_UILaunchScreen_Generation = YES;
				INFOPLIST_KEY_UISupportedInterfaceOrientations_iPad = "UIInterfaceOrientationPortrait UIInterfaceOrientationPortraitUpsideDown UIInterfaceOrientationLandscapeLeft UIInterfaceOrientationLandscapeRight";
				INFOPLIST_KEY_UISupportedInterfaceOrientations_iPhone = "UIInterfaceOrientationPortrait UIInterfaceOrientationLandscapeLeft UIInterfaceOrientationLandscapeRight";
				IPHONEOS_DEPLOYMENT_TARGET = 17.0;
				LD_RUNPATH_SEARCH_PATHS = (
					"$(inherited)",
					"@executable_path/Frameworks",
				);
				MARKETING_VERSION = 1.0;
				PRODUCT_BUNDLE_IDENTIFIER = com.openhiker.ios;
				PRODUCT_NAME = "$(TARGET_NAME)";
				SDKROOT = iphoneos;
				SWIFT_EMIT_LOC_STRINGS = YES;
				SWIFT_VERSION = 5.0;
				TARGETED_DEVICE_FAMILY = "1,2";
				VALIDATE_PRODUCT = YES;
			};
			name = Release;
		};
		9B0000010000000000000001 /* Debug */ = {
			isa = XCBuildConfiguration;
			buildSettings = {
				ASSETCATALOG_COMPILER_APPICON_NAME = AppIcon;
				ASSETCATALOG_COMPILER_GLOBAL_ACCENT_COLOR_NAME = AccentColor;
				CODE_SIGN_ENTITLEMENTS = "OpenHiker watchOS/OpenHiker watchOS.entitlements";
				CODE_SIGN_STYLE = Automatic;
				CURRENT_PROJECT_VERSION = 1;
				DEVELOPMENT_TEAM = X5DWXB4283;
				GENERATE_INFOPLIST_FILE = YES;
				INFOPLIST_FILE = "OpenHiker watchOS/Resources/Info.plist";
				INFOPLIST_KEY_CFBundleDisplayName = OpenHiker;
				INFOPLIST_KEY_NSLocationAlwaysAndWhenInUseUsageDescription = "OpenHiker needs your location to show your position on the map, track your hike, and provide navigation guidance.";
				INFOPLIST_KEY_NSLocationWhenInUseUsageDescription = "OpenHiker needs your location to show your position on the map and track your hike.";
				INFOPLIST_KEY_WKCompanionAppBundleIdentifier = com.openhiker.ios;
				INFOPLIST_KEY_WKRunsIndependentlyOfCompanionApp = YES;
				LD_RUNPATH_SEARCH_PATHS = (
					"$(inherited)",
					"@executable_path/Frameworks",
				);
				MARKETING_VERSION = 1.0;
				PRODUCT_BUNDLE_IDENTIFIER = com.openhiker.ios.watchkitapp;
				PRODUCT_NAME = "$(TARGET_NAME)";
				SDKROOT = watchos;

				SWIFT_EMIT_LOC_STRINGS = YES;
				SWIFT_VERSION = 5.0;
				TARGETED_DEVICE_FAMILY = 4;
				WATCHOS_DEPLOYMENT_TARGET = 10.0;
			};
			name = Debug;
		};
		9B0000010000000000000002 /* Release */ = {
			isa = XCBuildConfiguration;
			buildSettings = {
				ASSETCATALOG_COMPILER_APPICON_NAME = AppIcon;
				ASSETCATALOG_COMPILER_GLOBAL_ACCENT_COLOR_NAME = AccentColor;
				CODE_SIGN_ENTITLEMENTS = "OpenHiker watchOS/OpenHiker watchOS.entitlements";
				CODE_SIGN_STYLE = Automatic;
				CURRENT_PROJECT_VERSION = 1;
				DEVELOPMENT_TEAM = X5DWXB4283;
				GENERATE_INFOPLIST_FILE = YES;
				INFOPLIST_FILE = "OpenHiker watchOS/Resources/Info.plist";
				INFOPLIST_KEY_CFBundleDisplayName = OpenHiker;
				INFOPLIST_KEY_NSLocationAlwaysAndWhenInUseUsageDescription = "OpenHiker needs your location to show your position on the map, track your hike, and provide navigation guidance.";
				INFOPLIST_KEY_NSLocationWhenInUseUsageDescription = "OpenHiker needs your location to show your position on the map and track your hike.";
				INFOPLIST_KEY_WKCompanionAppBundleIdentifier = com.openhiker.ios;
				INFOPLIST_KEY_WKRunsIndependentlyOfCompanionApp = YES;
				LD_RUNPATH_SEARCH_PATHS = (
					"$(inherited)",
					"@executable_path/Frameworks",
				);
				MARKETING_VERSION = 1.0;
				PRODUCT_BUNDLE_IDENTIFIER = com.openhiker.ios.watchkitapp;
				PRODUCT_NAME = "$(TARGET_NAME)";
				SDKROOT = watchos;

				SWIFT_EMIT_LOC_STRINGS = YES;
				SWIFT_VERSION = 5.0;
				TARGETED_DEVICE_FAMILY = 4;
				VALIDATE_PRODUCT = YES;
				WATCHOS_DEPLOYMENT_TARGET = 10.0;
			};
			name = Release;
		};
		9C0000010000000000000001 /* Debug */ = {
			isa = XCBuildConfiguration;
			buildSettings = {
				ASSETCATALOG_COMPILER_APPICON_NAME = AppIcon;
				ASSETCATALOG_COMPILER_GLOBAL_ACCENT_COLOR_NAME = AccentColor;
				CODE_SIGN_ENTITLEMENTS = "OpenHiker macOS/OpenHiker macOS.entitlements";
				CODE_SIGN_STYLE = Automatic;
				COMBINE_HIDPI_IMAGES = YES;
				CURRENT_PROJECT_VERSION = 1;
				DEAD_CODE_STRIPPING = YES;
				DEVELOPMENT_TEAM = X5DWXB4283;
				ENABLE_HARDENED_RUNTIME = YES;
				GENERATE_INFOPLIST_FILE = YES;
				INFOPLIST_KEY_NSHumanReadableCopyright = "Copyright (C) 2024-2026 Dr Horst Herb. Licensed under AGPL-3.0.";
				INFOPLIST_KEY_NSLocationUsageDescription = "OpenHiker needs your location to show your position on the map.";
				LD_RUNPATH_SEARCH_PATHS = (
					"$(inherited)",
					"@executable_path/../Frameworks",
				);
				MACOSX_DEPLOYMENT_TARGET = 14.0;
				MARKETING_VERSION = 1.0;
				PRODUCT_BUNDLE_IDENTIFIER = com.openhiker.macos;
				PRODUCT_NAME = "$(TARGET_NAME)";
				SDKROOT = macosx;
				SWIFT_EMIT_LOC_STRINGS = YES;
				SWIFT_VERSION = 5.0;
			};
			name = Debug;
		};
		9C0000010000000000000002 /* Release */ = {
			isa = XCBuildConfiguration;
			buildSettings = {
				ASSETCATALOG_COMPILER_APPICON_NAME = AppIcon;
				ASSETCATALOG_COMPILER_GLOBAL_ACCENT_COLOR_NAME = AccentColor;
				CODE_SIGN_ENTITLEMENTS = "OpenHiker macOS/OpenHiker macOS.entitlements";
				CODE_SIGN_STYLE = Automatic;
				COMBINE_HIDPI_IMAGES = YES;
				CURRENT_PROJECT_VERSION = 1;
				DEAD_CODE_STRIPPING = YES;
				DEVELOPMENT_TEAM = X5DWXB4283;
				ENABLE_HARDENED_RUNTIME = YES;
				GENERATE_INFOPLIST_FILE = YES;
				INFOPLIST_KEY_NSHumanReadableCopyright = "Copyright (C) 2024-2026 Dr Horst Herb. Licensed under AGPL-3.0.";
				INFOPLIST_KEY_NSLocationUsageDescription = "OpenHiker needs your location to show your position on the map.";
				LD_RUNPATH_SEARCH_PATHS = (
					"$(inherited)",
					"@executable_path/../Frameworks",
				);
				MACOSX_DEPLOYMENT_TARGET = 14.0;
				MARKETING_VERSION = 1.0;
				PRODUCT_BUNDLE_IDENTIFIER = com.openhiker.macos;
				PRODUCT_NAME = "$(TARGET_NAME)";
				SDKROOT = macosx;
				SWIFT_EMIT_LOC_STRINGS = YES;
				SWIFT_VERSION = 5.0;
				VALIDATE_PRODUCT = YES;
			};
			name = Release;
		};
/* End XCBuildConfiguration section */

/* Begin XCConfigurationList section */
		7A0000010000000000000001 /* Build configuration list for PBXNativeTarget "OpenHiker" */ = {
			isa = XCConfigurationList;
			buildConfigurations = (
				9A0000010000000000000003 /* Debug */,
				9A0000010000000000000004 /* Release */,
			);
			defaultConfigurationIsVisible = 0;
			defaultConfigurationName = Release;
		};
		7B0000010000000000000001 /* Build configuration list for PBXNativeTarget "OpenHiker Watch App" */ = {
			isa = XCConfigurationList;
			buildConfigurations = (
				9B0000010000000000000001 /* Debug */,
				9B0000010000000000000002 /* Release */,
			);
			defaultConfigurationIsVisible = 0;
			defaultConfigurationName = Release;
		};
		8A0000010000000000000002 /* Build configuration list for PBXProject "OpenHiker" */ = {
			isa = XCConfigurationList;
			buildConfigurations = (
				9A0000010000000000000001 /* Debug */,
				9A0000010000000000000002 /* Release */,
			);
			defaultConfigurationIsVisible = 0;
			defaultConfigurationName = Release;
		};
		7C0000010000000000000001 /* Build configuration list for PBXNativeTarget "OpenHiker macOS" */ = {
			isa = XCConfigurationList;
			buildConfigurations = (
				9C0000010000000000000001 /* Debug */,
				9C0000010000000000000002 /* Release */,
			);
			defaultConfigurationIsVisible = 0;
			defaultConfigurationName = Release;
		};
/* End XCConfigurationList section */
	};
	rootObject = 8A0000010000000000000001 /* Project object */;
}
